// !$*UTF8*$!
{ archiveVersion = 1; classes = {}; objectVersion = 56; objects = {
694D79190BBFE38C878DBAD2 = { isa = PBXFileReference; lastKnownFileType = sourcecode.swift; path = "../Sources/EventSearchExample/EventSearchController.swift"; sourceTree = "<group>"; };
CF76028359AFAB976F591186 = { isa = PBXBuildFile; fileRef = 694D79190BBFE38C878DBAD2; };
B5EF682A6C4281677D9A0A08 = { isa = PBXFileReference; lastKnownFileType = sourcecode.swift; path = "DemoSearchModel.swift"; sourceTree = "<group>"; };
2685659E9D224A3153F9EAEB = { isa = PBXBuildFile; fileRef = B5EF682A6C4281677D9A0A08; };
E4F7DB1EDE87BB8440614BBB = { isa = PBXFileReference; lastKnownFileType = sourcecode.swift; path = "EventSearchDemo.swift"; sourceTree = "<group>"; };
87F3FC5F0868ADECE1A60CD9 = { isa = PBXBuildFile; fileRef = E4F7DB1EDE87BB8440614BBB; };
FAF2245CC793DA084DFC058A = { isa = PBXFileReference; lastKnownFileType = sourcecode.swift; path = "UITests/EventSearchDemoUITests.swift"; sourceTree = "<group>"; };
1DF878191E8C9CF8D4B72228 = { isa = PBXBuildFile; fileRef = FAF2245CC793DA084DFC058A; };
763D774377779C412BB71F6F = { isa = PBXFileReference; explicitFileType = wrapper.application; includeInIndex = 0; path = EventSearchDemo.app; sourceTree = BUILT_PRODUCTS_DIR; };
00444E2C37DD529B70E931A2 = { isa = PBXFileReference; explicitFileType = wrapper.cfbundle; includeInIndex = 0; path = EventSearchDemoUITests.xctest; sourceTree = BUILT_PRODUCTS_DIR; };
0A3E27B8CA818264D75C8D81 = { isa = PBXGroup; children = (763D774377779C412BB71F6F,00444E2C37DD529B70E931A2,); name = Products; sourceTree = "<group>"; };
0035FE99EA2940F7FA633A58 = { isa = PBXGroup; children = (694D79190BBFE38C878DBAD2,B5EF682A6C4281677D9A0A08,E4F7DB1EDE87BB8440614BBB,FAF2245CC793DA084DFC058A,0A3E27B8CA818264D75C8D81,); sourceTree = "<group>"; };
D8AFF257B45D0C513672EC45 = { isa = PBXSourcesBuildPhase; buildActionMask = 2147483647; files = (CF76028359AFAB976F591186,2685659E9D224A3153F9EAEB,87F3FC5F0868ADECE1A60CD9,); runOnlyForDeploymentPostprocessing = 0; };
91024282FFD499F5807DB5BC = { isa = PBXFrameworksBuildPhase; buildActionMask = 2147483647; files = (); runOnlyForDeploymentPostprocessing = 0; };
DC549ACCB7C726C62ECFD4E2 = { isa = PBXResourcesBuildPhase; buildActionMask = 2147483647; files = (); runOnlyForDeploymentPostprocessing = 0; };
B2298129A58493C45A5D7D9A = { isa = PBXSourcesBuildPhase; buildActionMask = 2147483647; files = (1DF878191E8C9CF8D4B72228,); runOnlyForDeploymentPostprocessing = 0; };
28557525D9B40FEE6754FB60 = { isa = PBXFrameworksBuildPhase; buildActionMask = 2147483647; files = (); runOnlyForDeploymentPostprocessing = 0; };
3F6BC17F79ADBDD97FB52430 = { isa = PBXResourcesBuildPhase; buildActionMask = 2147483647; files = (); runOnlyForDeploymentPostprocessing = 0; };
1241936D4DD3AAD68FE7BFBD = { isa = PBXContainerItemProxy; containerPortal = 244210E48437B6556980A702; proxyType = 1; remoteGlobalIDString = AC44A5EE06496B21A17CA082; remoteInfo = EventSearchDemo; };
F26350DAFE3F19AABFD69AC4 = { isa = PBXTargetDependency; target = AC44A5EE06496B21A17CA082; targetProxy = 1241936D4DD3AAD68FE7BFBD; };
AC44A5EE06496B21A17CA082 = { isa = PBXNativeTarget; buildConfigurationList = 952F4DF8105729797025EDD4; buildPhases = (D8AFF257B45D0C513672EC45,91024282FFD499F5807DB5BC,DC549ACCB7C726C62ECFD4E2,); buildRules = (); dependencies = (); name = EventSearchDemo; productName = EventSearchDemo; productReference = 763D774377779C412BB71F6F; productType = "com.apple.product-type.application"; };
3A0C9CEF9D8F3BC090274361 = { isa = PBXNativeTarget; buildConfigurationList = A314C661E13AE4B085126114; buildPhases = (B2298129A58493C45A5D7D9A,28557525D9B40FEE6754FB60,3F6BC17F79ADBDD97FB52430,); buildRules = (); dependencies = (F26350DAFE3F19AABFD69AC4,); name = EventSearchDemoUITests; productName = EventSearchDemoUITests; productReference = 00444E2C37DD529B70E931A2; productType = "com.apple.product-type.bundle.ui-testing"; };
73EBF6644258C120893E685D = { isa = XCBuildConfiguration; buildSettings = { CLANG_ENABLE_MODULES = YES; SDKROOT = iphoneos; IPHONEOS_DEPLOYMENT_TARGET = 16.0; SWIFT_VERSION = 6.0; TARGETED_DEVICE_FAMILY = 1; SUPPORTED_PLATFORMS = "iphoneos iphonesimulator"; SWIFT_OPTIMIZATION_LEVEL = "-Onone"; }; name = Debug; };
0B0C687DF8B6B8DC790B519C = { isa = XCBuildConfiguration; buildSettings = { CLANG_ENABLE_MODULES = YES; SDKROOT = iphoneos; IPHONEOS_DEPLOYMENT_TARGET = 16.0; SWIFT_VERSION = 6.0; TARGETED_DEVICE_FAMILY = 1; SUPPORTED_PLATFORMS = "iphoneos iphonesimulator"; SWIFT_OPTIMIZATION_LEVEL = "-O"; }; name = Release; };
AAB2723FF2C8E6D1C298C1E4 = { isa = XCConfigurationList; buildConfigurations = (73EBF6644258C120893E685D,0B0C687DF8B6B8DC790B519C,); defaultConfigurationIsVisible = 0; defaultConfigurationName = Release; };
B00CCDD09424E369308D67FA = { isa = XCBuildConfiguration; buildSettings = { CLANG_ENABLE_MODULES = YES; SDKROOT = iphoneos; IPHONEOS_DEPLOYMENT_TARGET = 16.0; SWIFT_VERSION = 6.0; TARGETED_DEVICE_FAMILY = 1; SUPPORTED_PLATFORMS = "iphoneos iphonesimulator"; PRODUCT_NAME = EventSearchDemo; PRODUCT_BUNDLE_IDENTIFIER = ac.robin.teaching.searchownership; INFOPLIST_FILE = Info.plist; CODE_SIGN_STYLE = Automatic; }; name = Debug; };
1B104479E55E37CF8A63CBDF = { isa = XCBuildConfiguration; buildSettings = { CLANG_ENABLE_MODULES = YES; SDKROOT = iphoneos; IPHONEOS_DEPLOYMENT_TARGET = 16.0; SWIFT_VERSION = 6.0; TARGETED_DEVICE_FAMILY = 1; SUPPORTED_PLATFORMS = "iphoneos iphonesimulator"; PRODUCT_NAME = EventSearchDemo; PRODUCT_BUNDLE_IDENTIFIER = ac.robin.teaching.searchownership; INFOPLIST_FILE = Info.plist; CODE_SIGN_STYLE = Automatic; }; name = Release; };
952F4DF8105729797025EDD4 = { isa = XCConfigurationList; buildConfigurations = (B00CCDD09424E369308D67FA,1B104479E55E37CF8A63CBDF,); defaultConfigurationIsVisible = 0; defaultConfigurationName = Release; };
DD3F495F7D6A5AA1C1769021 = { isa = XCBuildConfiguration; buildSettings = { CLANG_ENABLE_MODULES = YES; SDKROOT = iphoneos; IPHONEOS_DEPLOYMENT_TARGET = 16.0; SWIFT_VERSION = 6.0; TARGETED_DEVICE_FAMILY = 1; SUPPORTED_PLATFORMS = "iphoneos iphonesimulator"; PRODUCT_NAME = EventSearchDemoUITests; PRODUCT_BUNDLE_IDENTIFIER = ac.robin.teaching.searchownership.uitests; GENERATE_INFOPLIST_FILE = YES; TEST_TARGET_NAME = EventSearchDemo; CODE_SIGN_STYLE = Automatic; }; name = Debug; };
E670BC2FFE794172EBC92AE3 = { isa = XCBuildConfiguration; buildSettings = { CLANG_ENABLE_MODULES = YES; SDKROOT = iphoneos; IPHONEOS_DEPLOYMENT_TARGET = 16.0; SWIFT_VERSION = 6.0; TARGETED_DEVICE_FAMILY = 1; SUPPORTED_PLATFORMS = "iphoneos iphonesimulator"; PRODUCT_NAME = EventSearchDemoUITests; PRODUCT_BUNDLE_IDENTIFIER = ac.robin.teaching.searchownership.uitests; GENERATE_INFOPLIST_FILE = YES; TEST_TARGET_NAME = EventSearchDemo; CODE_SIGN_STYLE = Automatic; }; name = Release; };
A314C661E13AE4B085126114 = { isa = XCConfigurationList; buildConfigurations = (DD3F495F7D6A5AA1C1769021,E670BC2FFE794172EBC92AE3,); defaultConfigurationIsVisible = 0; defaultConfigurationName = Release; };
244210E48437B6556980A702 = { isa = PBXProject; attributes = { LastUpgradeCheck = 1600; TargetAttributes = { AC44A5EE06496B21A17CA082 = { CreatedOnToolsVersion = 16.4; }; 3A0C9CEF9D8F3BC090274361 = { CreatedOnToolsVersion = 16.4; TestTargetID = AC44A5EE06496B21A17CA082; }; }; }; buildConfigurationList = AAB2723FF2C8E6D1C298C1E4; compatibilityVersion = "Xcode 14.0"; developmentRegion = en; hasScannedForEncodings = 0; knownRegions = (en,Base); mainGroup = 0035FE99EA2940F7FA633A58; productRefGroup = 0A3E27B8CA818264D75C8D81; projectDirPath = ""; projectRoot = ""; targets = (AC44A5EE06496B21A17CA082,3A0C9CEF9D8F3BC090274361,); };
}; rootObject = 244210E48437B6556980A702; }
